
Microsoft Visual Studio Solution File, Format Version 12.00
# Visual Studio Version 17
VisualStudioVersion = 17.3.32929.385
MinimumVisualStudioVersion = 10.0.40219.1
Project("{FAE04EC0-301F-11D3-BF4B-00C04F79EFBC}") = "RolesPrueba", "RolesPrueba\RolesPrueba.csproj", "{9DC1C5C8-90F7-4500-92FC-351B00D9B9F9}"
EndProject
Project("{FAE04EC0-301F-11D3-BF4B-00C04F79EFBC}") = "Negocio", "Negocio\Negocio.csproj", "{E9EE76E7-7C64-4AB9-B206-2DBD2E2D4D81}"
EndProject
Project("{FAE04EC0-301F-11D3-BF4B-00C04F79EFBC}") = "DbConection", "DbConection\DbConection.csproj", "{F2F6EEA7-EC2E-4926-B137-DB4B8E049AC7}"
EndProject
Global
	GlobalSection(SolutionConfigurationPlatforms) = preSolution
		Debug|Any CPU = Debug|Any CPU
		Release|Any CPU = Release|Any CPU
	EndGlobalSection
	GlobalSection(ProjectConfigurationPlatforms) = postSolution
		{9DC1C5C8-90F7-4500-92FC-351B00D9B9F9}.Debug|Any CPU.ActiveCfg = Debug|Any CPU
		{9DC1C5C8-90F7-4500-92FC-351B00D9B9F9}.Debug|Any CPU.Build.0 = Debug|Any CPU
		{9DC1C5C8-90F7-4500-92FC-351B00D9B9F9}.Release|Any CPU.ActiveCfg = Release|Any CPU
		{9DC1C5C8-90F7-4500-92FC-351B00D9B9F9}.Release|Any CPU.Build.0 = Release|Any CPU
		{E9EE76E7-7C64-4AB9-B206-2DBD2E2D4D81}.Debug|Any CPU.ActiveCfg = Debug|Any CPU
		{E9EE76E7-7C64-4AB9-B206-2DBD2E2D4D81}.Debug|Any CPU.Build.0 = Debug|Any CPU
		{E9EE76E7-7C64-4AB9-B206-2DBD2E2D4D81}.Release|Any CPU.ActiveCfg = Release|Any CPU
		{E9EE76E7-7C64-4AB9-B206-2DBD2E2D4D81}.Release|Any CPU.Build.0 = Release|Any CPU
		{F2F6EEA7-EC2E-4926-B137-DB4B8E049AC7}.Debug|Any CPU.ActiveCfg = Debug|Any CPU
		{F2F6EEA7-EC2E-4926-B137-DB4B8E049AC7}.Debug|Any CPU.Build.0 = Debug|Any CPU
		{F2F6EEA7-EC2E-4926-B137-DB4B8E049AC7}.Release|Any CPU.ActiveCfg = Release|Any CPU
		{F2F6EEA7-EC2E-4926-B137-DB4B8E049AC7}.Release|Any CPU.Build.0 = Release|Any CPU
	EndGlobalSection
	GlobalSection(SolutionProperties) = preSolution
		HideSolutionNode = FALSE
	EndGlobalSection
	GlobalSection(ExtensibilityGlobals) = postSolution
		SolutionGuid = {54E0DDA9-FF3A-47E8-9291-139046D9E57D}
	EndGlobalSection
EndGlobal
